
Microsoft Visual Studio Solution File, Format Version 12.00
# Visual Studio 15
VisualStudioVersion = 15.0.27703.2000
MinimumVisualStudioVersion = 10.0.40219.1
Project("{FAE04EC0-301F-11D3-BF4B-00C04F79EFBC}") = "SampleCalendar.Android", "SampleCalendar\SampleCalendar.Android\SampleCalendar.Android.csproj", "{6C803198-1669-434E-8952-4056BE4647E7}"
EndProject
Project("{FAE04EC0-301F-11D3-BF4B-00C04F79EFBC}") = "SampleCalendar.iOS", "SampleCalendar\SampleCalendar.iOS\SampleCalendar.iOS.csproj", "{F3BD8371-78B1-4EC7-BC55-653385B28EA1}"
EndProject
Project("{FAE04EC0-301F-11D3-BF4B-00C04F79EFBC}") = "SampleCalendar", "SampleCalendar\SampleCalendar\SampleCalendar.csproj", "{9AC7B112-F96E-40D1-A159-D8745F4EA936}"
EndProject
Global
	GlobalSection(SolutionConfigurationPlatforms) = preSolution
		Ad-Hoc|Any CPU = Ad-Hoc|Any CPU
		Ad-Hoc|iPhone = Ad-Hoc|iPhone
		Ad-Hoc|iPhoneSimulator = Ad-Hoc|iPhoneSimulator
		AppStore|Any CPU = AppStore|Any CPU
		AppStore|iPhone = AppStore|iPhone
		AppStore|iPhoneSimulator = AppStore|iPhoneSimulator
		Debug|Any CPU = Debug|Any CPU
		Debug|iPhone = Debug|iPhone
		Debug|iPhoneSimulator = Debug|iPhoneSimulator
		Release|Any CPU = Release|Any CPU
		Release|iPhone = Release|iPhone
		Release|iPhoneSimulator = Release|iPhoneSimulator
	EndGlobalSection
	GlobalSection(ProjectConfigurationPlatforms) = postSolution
		{6C803198-1669-434E-8952-4056BE4647E7}.Ad-Hoc|Any CPU.ActiveCfg = Release|Any CPU
		{6C803198-1669-434E-8952-4056BE4647E7}.Ad-Hoc|Any CPU.Build.0 = Release|Any CPU
		{6C803198-1669-434E-8952-4056BE4647E7}.Ad-Hoc|Any CPU.Deploy.0 = Release|Any CPU
		{6C803198-1669-434E-8952-4056BE4647E7}.Ad-Hoc|iPhone.ActiveCfg = Release|Any CPU
		{6C803198-1669-434E-8952-4056BE4647E7}.Ad-Hoc|iPhone.Build.0 = Release|Any CPU
		{6C803198-1669-434E-8952-4056BE4647E7}.Ad-Hoc|iPhone.Deploy.0 = Release|Any CPU
		{6C803198-1669-434E-8952-4056BE4647E7}.Ad-Hoc|iPhoneSimulator.ActiveCfg = Release|Any CPU
		{6C803198-1669-434E-8952-4056BE4647E7}.Ad-Hoc|iPhoneSimulator.Build.0 = Release|Any CPU
		{6C803198-1669-434E-8952-4056BE4647E7}.Ad-Hoc|iPhoneSimulator.Deploy.0 = Release|Any CPU
		{6C803198-1669-434E-8952-4056BE4647E7}.AppStore|Any CPU.ActiveCfg = Release|Any CPU
		{6C803198-1669-434E-8952-4056BE4647E7}.AppStore|Any CPU.Build.0 = Release|Any CPU
		{6C803198-1669-434E-8952-4056BE4647E7}.AppStore|Any CPU.Deploy.0 = Release|Any CPU
		{6C803198-1669-434E-8952-4056BE4647E7}.AppStore|iPhone.ActiveCfg = Release|Any CPU
		{6C803198-1669-434E-8952-4056BE4647E7}.AppStore|iPhone.Build.0 = Release|Any CPU
		{6C803198-1669-434E-8952-4056BE4647E7}.AppStore|iPhone.Deploy.0 = Release|Any CPU
		{6C803198-1669-434E-8952-4056BE4647E7}.AppStore|iPhoneSimulator.ActiveCfg = Release|Any CPU
		{6C803198-1669-434E-8952-4056BE4647E7}.AppStore|iPhoneSimulator.Build.0 = Release|Any CPU
		{6C803198-1669-434E-8952-4056BE4647E7}.AppStore|iPhoneSimulator.Deploy.0 = Release|Any CPU
		{6C803198-1669-434E-8952-4056BE4647E7}.Debug|Any CPU.ActiveCfg = Debug|Any CPU
		{6C803198-1669-434E-8952-4056BE4647E7}.Debug|Any CPU.Build.0 = Debug|Any CPU
		{6C803198-1669-434E-8952-4056BE4647E7}.Debug|Any CPU.Deploy.0 = Debug|Any CPU
		{6C803198-1669-434E-8952-4056BE4647E7}.Debug|iPhone.ActiveCfg = Debug|Any CPU
		{6C803198-1669-434E-8952-4056BE4647E7}.Debug|iPhone.Build.0 = Debug|Any CPU
		{6C803198-1669-434E-8952-4056BE4647E7}.Debug|iPhone.Deploy.0 = Debug|Any CPU
		{6C803198-1669-434E-8952-4056BE4647E7}.Debug|iPhoneSimulator.ActiveCfg = Debug|Any CPU
		{6C803198-1669-434E-8952-4056BE4647E7}.Debug|iPhoneSimulator.Build.0 = Debug|Any CPU
		{6C803198-1669-434E-8952-4056BE4647E7}.Debug|iPhoneSimulator.Deploy.0 = Debug|Any CPU
		{6C803198-1669-434E-8952-4056BE4647E7}.Release|Any CPU.ActiveCfg = Release|Any CPU
		{6C803198-1669-434E-8952-4056BE4647E7}.Release|Any CPU.Build.0 = Release|Any CPU
		{6C803198-1669-434E-8952-4056BE4647E7}.Release|Any CPU.Deploy.0 = Release|Any CPU
		{6C803198-1669-434E-8952-4056BE4647E7}.Release|iPhone.ActiveCfg = Release|Any CPU
		{6C803198-1669-434E-8952-4056BE4647E7}.Release|iPhone.Build.0 = Release|Any CPU
		{6C803198-1669-434E-8952-4056BE4647E7}.Release|iPhone.Deploy.0 = Release|Any CPU
		{6C803198-1669-434E-8952-4056BE4647E7}.Release|iPhoneSimulator.ActiveCfg = Release|Any CPU
		{6C803198-1669-434E-8952-4056BE4647E7}.Release|iPhoneSimulator.Build.0 = Release|Any CPU
		{6C803198-1669-434E-8952-4056BE4647E7}.Release|iPhoneSimulator.Deploy.0 = Release|Any CPU
		{F3BD8371-78B1-4EC7-BC55-653385B28EA1}.Ad-Hoc|Any CPU.ActiveCfg = Ad-Hoc|iPhone
		{F3BD8371-78B1-4EC7-BC55-653385B28EA1}.Ad-Hoc|Any CPU.Build.0 = Ad-Hoc|iPhone
		{F3BD8371-78B1-4EC7-BC55-653385B28EA1}.Ad-Hoc|Any CPU.Deploy.0 = Ad-Hoc|iPhone
		{F3BD8371-78B1-4EC7-BC55-653385B28EA1}.Ad-Hoc|iPhone.ActiveCfg = Ad-Hoc|iPhone
		{F3BD8371-78B1-4EC7-BC55-653385B28EA1}.Ad-Hoc|iPhone.Build.0 = Ad-Hoc|iPhone
		{F3BD8371-78B1-4EC7-BC55-653385B28EA1}.Ad-Hoc|iPhone.Deploy.0 = Ad-Hoc|iPhone
		{F3BD8371-78B1-4EC7-BC55-653385B28EA1}.Ad-Hoc|iPhoneSimulator.ActiveCfg = Ad-Hoc|iPhoneSimulator
		{F3BD8371-78B1-4EC7-BC55-653385B28EA1}.Ad-Hoc|iPhoneSimulator.Build.0 = Ad-Hoc|iPhoneSimulator
		{F3BD8371-78B1-4EC7-BC55-653385B28EA1}.Ad-Hoc|iPhoneSimulator.Deploy.0 = Ad-Hoc|iPhoneSimulator
		{F3BD8371-78B1-4EC7-BC55-653385B28EA1}.AppStore|Any CPU.ActiveCfg = AppStore|iPhone
		{F3BD8371-78B1-4EC7-BC55-653385B28EA1}.AppStore|Any CPU.Build.0 = AppStore|iPhone
		{F3BD8371-78B1-4EC7-BC55-653385B28EA1}.AppStore|Any CPU.Deploy.0 = AppStore|iPhone
		{F3BD8371-78B1-4EC7-BC55-653385B28EA1}.AppStore|iPhone.ActiveCfg = AppStore|iPhone
		{F3BD8371-78B1-4EC7-BC55-653385B28EA1}.AppStore|iPhone.Build.0 = AppStore|iPhone
		{F3BD8371-78B1-4EC7-BC55-653385B28EA1}.AppStore|iPhone.Deploy.0 = AppStore|iPhone
		{F3BD8371-78B1-4EC7-BC55-653385B28EA1}.AppStore|iPhoneSimulator.ActiveCfg = AppStore|iPhoneSimulator
		{F3BD8371-78B1-4EC7-BC55-653385B28EA1}.AppStore|iPhoneSimulator.Build.0 = AppStore|iPhoneSimulator
		{F3BD8371-78B1-4EC7-BC55-653385B28EA1}.AppStore|iPhoneSimulator.Deploy.0 = AppStore|iPhoneSimulator
		{F3BD8371-78B1-4EC7-BC55-653385B28EA1}.Debug|Any CPU.ActiveCfg = Debug|iPhoneSimulator
		{F3BD8371-78B1-4EC7-BC55-653385B28EA1}.Debug|Any CPU.Build.0 = Debug|iPhoneSimulator
		{F3BD8371-78B1-4EC7-BC55-653385B28EA1}.Debug|Any CPU.Deploy.0 = Debug|iPhoneSimulator
		{F3BD8371-78B1-4EC7-BC55-653385B28EA1}.Debug|iPhone.ActiveCfg = Debug|iPhone
		{F3BD8371-78B1-4EC7-BC55-653385B28EA1}.Debug|iPhone.Build.0 = Debug|iPhone
		{F3BD8371-78B1-4EC7-BC55-653385B28EA1}.Debug|iPhone.Deploy.0 = Debug|iPhone
		{F3BD8371-78B1-4EC7-BC55-653385B28EA1}.Debug|iPhoneSimulator.ActiveCfg = Debug|iPhoneSimulator
		{F3BD8371-78B1-4EC7-BC55-653385B28EA1}.Debug|iPhoneSimulator.Build.0 = Debug|iPhoneSimulator
		{F3BD8371-78B1-4EC7-BC55-653385B28EA1}.Debug|iPhoneSimulator.Deploy.0 = Debug|iPhoneSimulator
		{F3BD8371-78B1-4EC7-BC55-653385B28EA1}.Release|Any CPU.ActiveCfg = Release|iPhone
		{F3BD8371-78B1-4EC7-BC55-653385B28EA1}.Release|Any CPU.Build.0 = Release|iPhone
		{F3BD8371-78B1-4EC7-BC55-653385B28EA1}.Release|Any CPU.Deploy.0 = Release|iPhone
		{F3BD8371-78B1-4EC7-BC55-653385B28EA1}.Release|iPhone.ActiveCfg = Release|iPhone
		{F3BD8371-78B1-4EC7-BC55-653385B28EA1}.Release|iPhone.Build.0 = Release|iPhone
		{F3BD8371-78B1-4EC7-BC55-653385B28EA1}.Release|iPhone.Deploy.0 = Release|iPhone
		{F3BD8371-78B1-4EC7-BC55-653385B28EA1}.Release|iPhoneSimulator.ActiveCfg = Release|iPhoneSimulator
		{F3BD8371-78B1-4EC7-BC55-653385B28EA1}.Release|iPhoneSimulator.Build.0 = Release|iPhoneSimulator
		{F3BD8371-78B1-4EC7-BC55-653385B28EA1}.Release|iPhoneSimulator.Deploy.0 = Release|iPhoneSimulator
		{9AC7B112-F96E-40D1-A159-D8745F4EA936}.Ad-Hoc|Any CPU.ActiveCfg = Debug|Any CPU
		{9AC7B112-F96E-40D1-A159-D8745F4EA936}.Ad-Hoc|Any CPU.Build.0 = Debug|Any CPU
		{9AC7B112-F96E-40D1-A159-D8745F4EA936}.Ad-Hoc|Any CPU.Deploy.0 = Debug|Any CPU
		{9AC7B112-F96E-40D1-A159-D8745F4EA936}.Ad-Hoc|iPhone.ActiveCfg = Debug|Any CPU
		{9AC7B112-F96E-40D1-A159-D8745F4EA936}.Ad-Hoc|iPhone.Build.0 = Debug|Any CPU
		{9AC7B112-F96E-40D1-A159-D8745F4EA936}.Ad-Hoc|iPhone.Deploy.0 = Debug|Any CPU
		{9AC7B112-F96E-40D1-A159-D8745F4EA936}.Ad-Hoc|iPhoneSimulator.ActiveCfg = Debug|Any CPU
		{9AC7B112-F96E-40D1-A159-D8745F4EA936}.Ad-Hoc|iPhoneSimulator.Build.0 = Debug|Any CPU
		{9AC7B112-F96E-40D1-A159-D8745F4EA936}.Ad-Hoc|iPhoneSimulator.Deploy.0 = Debug|Any CPU
		{9AC7B112-F96E-40D1-A159-D8745F4EA936}.AppStore|Any CPU.ActiveCfg = Debug|Any CPU
		{9AC7B112-F96E-40D1-A159-D8745F4EA936}.AppStore|Any CPU.Build.0 = Debug|Any CPU
		{9AC7B112-F96E-40D1-A159-D8745F4EA936}.AppStore|Any CPU.Deploy.0 = Debug|Any CPU
		{9AC7B112-F96E-40D1-A159-D8745F4EA936}.AppStore|iPhone.ActiveCfg = Debug|Any CPU
		{9AC7B112-F96E-40D1-A159-D8745F4EA936}.AppStore|iPhone.Build.0 = Debug|Any CPU
		{9AC7B112-F96E-40D1-A159-D8745F4EA936}.AppStore|iPhone.Deploy.0 = Debug|Any CPU
		{9AC7B112-F96E-40D1-A159-D8745F4EA936}.AppStore|iPhoneSimulator.ActiveCfg = Debug|Any CPU
		{9AC7B112-F96E-40D1-A159-D8745F4EA936}.AppStore|iPhoneSimulator.Build.0 = Debug|Any CPU
		{9AC7B112-F96E-40D1-A159-D8745F4EA936}.AppStore|iPhoneSimulator.Deploy.0 = Debug|Any CPU
		{9AC7B112-F96E-40D1-A159-D8745F4EA936}.Debug|Any CPU.ActiveCfg = Debug|Any CPU
		{9AC7B112-F96E-40D1-A159-D8745F4EA936}.Debug|Any CPU.Build.0 = Debug|Any CPU
		{9AC7B112-F96E-40D1-A159-D8745F4EA936}.Debug|Any CPU.Deploy.0 = Debug|Any CPU
		{9AC7B112-F96E-40D1-A159-D8745F4EA936}.Debug|iPhone.ActiveCfg = Debug|Any CPU
		{9AC7B112-F96E-40D1-A159-D8745F4EA936}.Debug|iPhone.Build.0 = Debug|Any CPU
		{9AC7B112-F96E-40D1-A159-D8745F4EA936}.Debug|iPhone.Deploy.0 = Debug|Any CPU
		{9AC7B112-F96E-40D1-A159-D8745F4EA936}.Debug|iPhoneSimulator.ActiveCfg = Debug|Any CPU
		{9AC7B112-F96E-40D1-A159-D8745F4EA936}.Debug|iPhoneSimulator.Build.0 = Debug|Any CPU
		{9AC7B112-F96E-40D1-A159-D8745F4EA936}.Debug|iPhoneSimulator.Deploy.0 = Debug|Any CPU
		{9AC7B112-F96E-40D1-A159-D8745F4EA936}.Release|Any CPU.ActiveCfg = Release|Any CPU
		{9AC7B112-F96E-40D1-A159-D8745F4EA936}.Release|Any CPU.Build.0 = Release|Any CPU
		{9AC7B112-F96E-40D1-A159-D8745F4EA936}.Release|Any CPU.Deploy.0 = Release|Any CPU
		{9AC7B112-F96E-40D1-A159-D8745F4EA936}.Release|iPhone.ActiveCfg = Release|Any CPU
		{9AC7B112-F96E-40D1-A159-D8745F4EA936}.Release|iPhone.Build.0 = Release|Any CPU
		{9AC7B112-F96E-40D1-A159-D8745F4EA936}.Release|iPhone.Deploy.0 = Release|Any CPU
		{9AC7B112-F96E-40D1-A159-D8745F4EA936}.Release|iPhoneSimulator.ActiveCfg = Release|Any CPU
		{9AC7B112-F96E-40D1-A159-D8745F4EA936}.Release|iPhoneSimulator.Build.0 = Release|Any CPU
		{9AC7B112-F96E-40D1-A159-D8745F4EA936}.Release|iPhoneSimulator.Deploy.0 = Release|Any CPU
	EndGlobalSection
	GlobalSection(SolutionProperties) = preSolution
		HideSolutionNode = FALSE
	EndGlobalSection
	GlobalSection(ExtensibilityGlobals) = postSolution
		SolutionGuid = {447CE1E1-D887-4377-8D4D-0CDEF8B0F812}
	EndGlobalSection
EndGlobal
