
Microsoft Visual Studio Solution File, Format Version 12.00
# Visual Studio 15
VisualStudioVersion = 15.0.27703.2000
MinimumVisualStudioVersion = 10.0.40219.1
Project("{9A19103F-16F7-4668-BE54-9A1E7A4F7556}") = "Calendar.Plugin", "Calendar.Plugin\Calendar.Plugin.csproj", "{8525C1A0-F95E-4C30-B6CD-8861197190B6}"
EndProject
Global
	GlobalSection(SolutionConfigurationPlatforms) = preSolution
		Ad-Hoc|Any CPU = Ad-Hoc|Any CPU
		Ad-Hoc|iPhone = Ad-Hoc|iPhone
		Ad-Hoc|iPhoneSimulator = Ad-Hoc|iPhoneSimulator
		AppStore|Any CPU = AppStore|Any CPU
		AppStore|iPhone = AppStore|iPhone
		AppStore|iPhoneSimulator = AppStore|iPhoneSimulator
		Debug|Any CPU = Debug|Any CPU
		Debug|iPhone = Debug|iPhone
		Debug|iPhoneSimulator = Debug|iPhoneSimulator
		Release|Any CPU = Release|Any CPU
		Release|iPhone = Release|iPhone
		Release|iPhoneSimulator = Release|iPhoneSimulator
	EndGlobalSection
	GlobalSection(ProjectConfigurationPlatforms) = postSolution
		{8525C1A0-F95E-4C30-B6CD-8861197190B6}.Ad-Hoc|Any CPU.ActiveCfg = Release|Any CPU
		{8525C1A0-F95E-4C30-B6CD-8861197190B6}.Ad-Hoc|Any CPU.Build.0 = Release|Any CPU
		{8525C1A0-F95E-4C30-B6CD-8861197190B6}.Ad-Hoc|iPhone.ActiveCfg = Release|Any CPU
		{8525C1A0-F95E-4C30-B6CD-8861197190B6}.Ad-Hoc|iPhone.Build.0 = Release|Any CPU
		{8525C1A0-F95E-4C30-B6CD-8861197190B6}.Ad-Hoc|iPhoneSimulator.ActiveCfg = Release|Any CPU
		{8525C1A0-F95E-4C30-B6CD-8861197190B6}.Ad-Hoc|iPhoneSimulator.Build.0 = Release|Any CPU
		{8525C1A0-F95E-4C30-B6CD-8861197190B6}.AppStore|Any CPU.ActiveCfg = Release|Any CPU
		{8525C1A0-F95E-4C30-B6CD-8861197190B6}.AppStore|Any CPU.Build.0 = Release|Any CPU
		{8525C1A0-F95E-4C30-B6CD-8861197190B6}.AppStore|iPhone.ActiveCfg = Release|Any CPU
		{8525C1A0-F95E-4C30-B6CD-8861197190B6}.AppStore|iPhone.Build.0 = Release|Any CPU
		{8525C1A0-F95E-4C30-B6CD-8861197190B6}.AppStore|iPhoneSimulator.ActiveCfg = Release|Any CPU
		{8525C1A0-F95E-4C30-B6CD-8861197190B6}.AppStore|iPhoneSimulator.Build.0 = Release|Any CPU
		{8525C1A0-F95E-4C30-B6CD-8861197190B6}.Debug|Any CPU.ActiveCfg = Debug|Any CPU
		{8525C1A0-F95E-4C30-B6CD-8861197190B6}.Debug|Any CPU.Build.0 = Debug|Any CPU
		{8525C1A0-F95E-4C30-B6CD-8861197190B6}.Debug|iPhone.ActiveCfg = Debug|Any CPU
		{8525C1A0-F95E-4C30-B6CD-8861197190B6}.Debug|iPhone.Build.0 = Debug|Any CPU
		{8525C1A0-F95E-4C30-B6CD-8861197190B6}.Debug|iPhoneSimulator.ActiveCfg = Debug|Any CPU
		{8525C1A0-F95E-4C30-B6CD-8861197190B6}.Debug|iPhoneSimulator.Build.0 = Debug|Any CPU
		{8525C1A0-F95E-4C30-B6CD-8861197190B6}.Release|Any CPU.ActiveCfg = Release|Any CPU
		{8525C1A0-F95E-4C30-B6CD-8861197190B6}.Release|Any CPU.Build.0 = Release|Any CPU
		{8525C1A0-F95E-4C30-B6CD-8861197190B6}.Release|iPhone.ActiveCfg = Release|Any CPU
		{8525C1A0-F95E-4C30-B6CD-8861197190B6}.Release|iPhone.Build.0 = Release|Any CPU
		{8525C1A0-F95E-4C30-B6CD-8861197190B6}.Release|iPhoneSimulator.ActiveCfg = Release|Any CPU
		{8525C1A0-F95E-4C30-B6CD-8861197190B6}.Release|iPhoneSimulator.Build.0 = Release|Any CPU
	EndGlobalSection
	GlobalSection(SolutionProperties) = preSolution
		HideSolutionNode = FALSE
	EndGlobalSection
	GlobalSection(ExtensibilityGlobals) = postSolution
		SolutionGuid = {B85426F1-B261-4A83-9ACE-F7325D406D26}
	EndGlobalSection
EndGlobal
